
Microsoft Visual Studio Solution File, Format Version 12.00
# Visual Studio Version 16
VisualStudioVersion = 16.0.28516.95
MinimumVisualStudioVersion = 10.0.40219.1
Project("{FAE04EC0-301F-11D3-BF4B-00C04F79EFBC}") = "ShellPreview2.Android", "ShellPreview2\ShellPreview2.Android\ShellPreview2.Android.csproj", "{768BC3B3-381A-4F3A-85E6-3EF4D5D9C151}"
EndProject
Project("{FAE04EC0-301F-11D3-BF4B-00C04F79EFBC}") = "ShellPreview2.iOS", "ShellPreview2\ShellPreview2.iOS\ShellPreview2.iOS.csproj", "{5A0F5635-1483-49BD-AFF0-1221A0C57D16}"
EndProject
Project("{FAE04EC0-301F-11D3-BF4B-00C04F79EFBC}") = "ShellPreview2.MobileAppService", "ShellPreview2\ShellPreview2.MobileAppService\ShellPreview2.MobileAppService.csproj", "{268BBDBE-A80C-485F-BED7-644C108823E7}"
EndProject
Project("{FAE04EC0-301F-11D3-BF4B-00C04F79EFBC}") = "ShellPreview2", "ShellPreview2\ShellPreview2\ShellPreview2.csproj", "{6C249796-2D4F-4F4D-B7DA-0360F76D934C}"
EndProject
Global
	GlobalSection(SolutionConfigurationPlatforms) = preSolution
		Debug|Any CPU = Debug|Any CPU
		Debug|iPhone = Debug|iPhone
		Debug|iPhoneSimulator = Debug|iPhoneSimulator
		Release|Any CPU = Release|Any CPU
		Release|iPhone = Release|iPhone
		Release|iPhoneSimulator = Release|iPhoneSimulator
	EndGlobalSection
	GlobalSection(ProjectConfigurationPlatforms) = postSolution
		{768BC3B3-381A-4F3A-85E6-3EF4D5D9C151}.Debug|Any CPU.ActiveCfg = Debug|Any CPU
		{768BC3B3-381A-4F3A-85E6-3EF4D5D9C151}.Debug|Any CPU.Build.0 = Debug|Any CPU
		{768BC3B3-381A-4F3A-85E6-3EF4D5D9C151}.Debug|Any CPU.Deploy.0 = Debug|Any CPU
		{768BC3B3-381A-4F3A-85E6-3EF4D5D9C151}.Debug|iPhone.ActiveCfg = Debug|Any CPU
		{768BC3B3-381A-4F3A-85E6-3EF4D5D9C151}.Debug|iPhone.Build.0 = Debug|Any CPU
		{768BC3B3-381A-4F3A-85E6-3EF4D5D9C151}.Debug|iPhone.Deploy.0 = Debug|Any CPU
		{768BC3B3-381A-4F3A-85E6-3EF4D5D9C151}.Debug|iPhoneSimulator.ActiveCfg = Debug|Any CPU
		{768BC3B3-381A-4F3A-85E6-3EF4D5D9C151}.Debug|iPhoneSimulator.Build.0 = Debug|Any CPU
		{768BC3B3-381A-4F3A-85E6-3EF4D5D9C151}.Debug|iPhoneSimulator.Deploy.0 = Debug|Any CPU
		{768BC3B3-381A-4F3A-85E6-3EF4D5D9C151}.Release|Any CPU.ActiveCfg = Release|Any CPU
		{768BC3B3-381A-4F3A-85E6-3EF4D5D9C151}.Release|Any CPU.Build.0 = Release|Any CPU
		{768BC3B3-381A-4F3A-85E6-3EF4D5D9C151}.Release|Any CPU.Deploy.0 = Release|Any CPU
		{768BC3B3-381A-4F3A-85E6-3EF4D5D9C151}.Release|iPhone.ActiveCfg = Release|Any CPU
		{768BC3B3-381A-4F3A-85E6-3EF4D5D9C151}.Release|iPhone.Build.0 = Release|Any CPU
		{768BC3B3-381A-4F3A-85E6-3EF4D5D9C151}.Release|iPhone.Deploy.0 = Release|Any CPU
		{768BC3B3-381A-4F3A-85E6-3EF4D5D9C151}.Release|iPhoneSimulator.ActiveCfg = Release|Any CPU
		{768BC3B3-381A-4F3A-85E6-3EF4D5D9C151}.Release|iPhoneSimulator.Build.0 = Release|Any CPU
		{768BC3B3-381A-4F3A-85E6-3EF4D5D9C151}.Release|iPhoneSimulator.Deploy.0 = Release|Any CPU
		{5A0F5635-1483-49BD-AFF0-1221A0C57D16}.Debug|Any CPU.ActiveCfg = Debug|iPhoneSimulator
		{5A0F5635-1483-49BD-AFF0-1221A0C57D16}.Debug|Any CPU.Build.0 = Debug|iPhoneSimulator
		{5A0F5635-1483-49BD-AFF0-1221A0C57D16}.Debug|Any CPU.Deploy.0 = Debug|iPhoneSimulator
		{5A0F5635-1483-49BD-AFF0-1221A0C57D16}.Debug|iPhone.ActiveCfg = Debug|iPhone
		{5A0F5635-1483-49BD-AFF0-1221A0C57D16}.Debug|iPhone.Build.0 = Debug|iPhone
		{5A0F5635-1483-49BD-AFF0-1221A0C57D16}.Debug|iPhone.Deploy.0 = Debug|iPhone
		{5A0F5635-1483-49BD-AFF0-1221A0C57D16}.Debug|iPhoneSimulator.ActiveCfg = Debug|iPhoneSimulator
		{5A0F5635-1483-49BD-AFF0-1221A0C57D16}.Debug|iPhoneSimulator.Build.0 = Debug|iPhoneSimulator
		{5A0F5635-1483-49BD-AFF0-1221A0C57D16}.Debug|iPhoneSimulator.Deploy.0 = Debug|iPhoneSimulator
		{5A0F5635-1483-49BD-AFF0-1221A0C57D16}.Release|Any CPU.ActiveCfg = Release|iPhone
		{5A0F5635-1483-49BD-AFF0-1221A0C57D16}.Release|Any CPU.Build.0 = Release|iPhone
		{5A0F5635-1483-49BD-AFF0-1221A0C57D16}.Release|Any CPU.Deploy.0 = Release|iPhone
		{5A0F5635-1483-49BD-AFF0-1221A0C57D16}.Release|iPhone.ActiveCfg = Release|iPhone
		{5A0F5635-1483-49BD-AFF0-1221A0C57D16}.Release|iPhone.Build.0 = Release|iPhone
		{5A0F5635-1483-49BD-AFF0-1221A0C57D16}.Release|iPhone.Deploy.0 = Release|iPhone
		{5A0F5635-1483-49BD-AFF0-1221A0C57D16}.Release|iPhoneSimulator.ActiveCfg = Release|iPhoneSimulator
		{5A0F5635-1483-49BD-AFF0-1221A0C57D16}.Release|iPhoneSimulator.Build.0 = Release|iPhoneSimulator
		{5A0F5635-1483-49BD-AFF0-1221A0C57D16}.Release|iPhoneSimulator.Deploy.0 = Release|iPhoneSimulator
		{268BBDBE-A80C-485F-BED7-644C108823E7}.Debug|Any CPU.ActiveCfg = Debug|Any CPU
		{268BBDBE-A80C-485F-BED7-644C108823E7}.Debug|Any CPU.Build.0 = Debug|Any CPU
		{268BBDBE-A80C-485F-BED7-644C108823E7}.Debug|Any CPU.Deploy.0 = Debug|Any CPU
		{268BBDBE-A80C-485F-BED7-644C108823E7}.Debug|iPhone.ActiveCfg = Debug|Any CPU
		{268BBDBE-A80C-485F-BED7-644C108823E7}.Debug|iPhone.Build.0 = Debug|Any CPU
		{268BBDBE-A80C-485F-BED7-644C108823E7}.Debug|iPhone.Deploy.0 = Debug|Any CPU
		{268BBDBE-A80C-485F-BED7-644C108823E7}.Debug|iPhoneSimulator.ActiveCfg = Debug|Any CPU
		{268BBDBE-A80C-485F-BED7-644C108823E7}.Debug|iPhoneSimulator.Build.0 = Debug|Any CPU
		{268BBDBE-A80C-485F-BED7-644C108823E7}.Debug|iPhoneSimulator.Deploy.0 = Debug|Any CPU
		{268BBDBE-A80C-485F-BED7-644C108823E7}.Release|Any CPU.ActiveCfg = Release|Any CPU
		{268BBDBE-A80C-485F-BED7-644C108823E7}.Release|Any CPU.Build.0 = Release|Any CPU
		{268BBDBE-A80C-485F-BED7-644C108823E7}.Release|Any CPU.Deploy.0 = Release|Any CPU
		{268BBDBE-A80C-485F-BED7-644C108823E7}.Release|iPhone.ActiveCfg = Release|Any CPU
		{268BBDBE-A80C-485F-BED7-644C108823E7}.Release|iPhone.Build.0 = Release|Any CPU
		{268BBDBE-A80C-485F-BED7-644C108823E7}.Release|iPhone.Deploy.0 = Release|Any CPU
		{268BBDBE-A80C-485F-BED7-644C108823E7}.Release|iPhoneSimulator.ActiveCfg = Release|Any CPU
		{268BBDBE-A80C-485F-BED7-644C108823E7}.Release|iPhoneSimulator.Build.0 = Release|Any CPU
		{268BBDBE-A80C-485F-BED7-644C108823E7}.Release|iPhoneSimulator.Deploy.0 = Release|Any CPU
		{6C249796-2D4F-4F4D-B7DA-0360F76D934C}.Debug|Any CPU.ActiveCfg = Debug|Any CPU
		{6C249796-2D4F-4F4D-B7DA-0360F76D934C}.Debug|Any CPU.Build.0 = Debug|Any CPU
		{6C249796-2D4F-4F4D-B7DA-0360F76D934C}.Debug|Any CPU.Deploy.0 = Debug|Any CPU
		{6C249796-2D4F-4F4D-B7DA-0360F76D934C}.Debug|iPhone.ActiveCfg = Debug|Any CPU
		{6C249796-2D4F-4F4D-B7DA-0360F76D934C}.Debug|iPhone.Build.0 = Debug|Any CPU
		{6C249796-2D4F-4F4D-B7DA-0360F76D934C}.Debug|iPhone.Deploy.0 = Debug|Any CPU
		{6C249796-2D4F-4F4D-B7DA-0360F76D934C}.Debug|iPhoneSimulator.ActiveCfg = Debug|Any CPU
		{6C249796-2D4F-4F4D-B7DA-0360F76D934C}.Debug|iPhoneSimulator.Build.0 = Debug|Any CPU
		{6C249796-2D4F-4F4D-B7DA-0360F76D934C}.Debug|iPhoneSimulator.Deploy.0 = Debug|Any CPU
		{6C249796-2D4F-4F4D-B7DA-0360F76D934C}.Release|Any CPU.ActiveCfg = Release|Any CPU
		{6C249796-2D4F-4F4D-B7DA-0360F76D934C}.Release|Any CPU.Build.0 = Release|Any CPU
		{6C249796-2D4F-4F4D-B7DA-0360F76D934C}.Release|Any CPU.Deploy.0 = Release|Any CPU
		{6C249796-2D4F-4F4D-B7DA-0360F76D934C}.Release|iPhone.ActiveCfg = Release|Any CPU
		{6C249796-2D4F-4F4D-B7DA-0360F76D934C}.Release|iPhone.Build.0 = Release|Any CPU
		{6C249796-2D4F-4F4D-B7DA-0360F76D934C}.Release|iPhone.Deploy.0 = Release|Any CPU
		{6C249796-2D4F-4F4D-B7DA-0360F76D934C}.Release|iPhoneSimulator.ActiveCfg = Release|Any CPU
		{6C249796-2D4F-4F4D-B7DA-0360F76D934C}.Release|iPhoneSimulator.Build.0 = Release|Any CPU
		{6C249796-2D4F-4F4D-B7DA-0360F76D934C}.Release|iPhoneSimulator.Deploy.0 = Release|Any CPU
	EndGlobalSection
	GlobalSection(SolutionProperties) = preSolution
		HideSolutionNode = FALSE
	EndGlobalSection
	GlobalSection(ExtensibilityGlobals) = postSolution
		SolutionGuid = {97F127E5-32BF-4F29-AAF8-B672ACA98CA0}
	EndGlobalSection
EndGlobal
